
Microsoft Visual Studio Solution File, Format Version 12.00
# Visual Studio 2013
VisualStudioVersion = 12.0.21005.1
MinimumVisualStudioVersion = 10.0.40219.1
Project("{FAE04EC0-301F-11D3-BF4B-00C04F79EFBC}") = "icc08-compass", "icc08-compass\icc08-compass.csproj", "{F3A88D4E-BB4A-46A5-92C5-3E637F6FCEAA}"
EndProject
Global
	GlobalSection(SolutionConfigurationPlatforms) = preSolution
		Debug|Any CPU = Debug|Any CPU
		Release|Any CPU = Release|Any CPU
	EndGlobalSection
	GlobalSection(ProjectConfigurationPlatforms) = postSolution
		{F3A88D4E-BB4A-46A5-92C5-3E637F6FCEAA}.Debug|Any CPU.ActiveCfg = Debug|Any CPU
		{F3A88D4E-BB4A-46A5-92C5-3E637F6FCEAA}.Debug|Any CPU.Build.0 = Debug|Any CPU
		{F3A88D4E-BB4A-46A5-92C5-3E637F6FCEAA}.Release|Any CPU.ActiveCfg = Release|Any CPU
		{F3A88D4E-BB4A-46A5-92C5-3E637F6FCEAA}.Release|Any CPU.Build.0 = Release|Any CPU
	EndGlobalSection
	GlobalSection(SolutionProperties) = preSolution
		HideSolutionNode = FALSE
	EndGlobalSection
EndGlobal
